// !$*UTF8*$!
{
	archiveVersion = 1;
	classes = {
	};
	objectVersion = 48;
	objects = {

/* Begin PBXBuildFile section */
		921A248F1FD101E60022AECC /* AppDelegate.m in Sources */ = {isa = PBXBuildFile; fileRef = 921A248E1FD101E60022AECC /* AppDelegate.m */; };
		921A24921FD101E60022AECC /* ViewController.m in Sources */ = {isa = PBXBuildFile; fileRef = 921A24911FD101E60022AECC /* ViewController.m */; };
		921A24951FD101E60022AECC /* Main.storyboard in Resources */ = {isa = PBXBuildFile; fileRef = 921A24931FD101E60022AECC /* Main.storyboard */; };
		921A24971FD101E60022AECC /* Assets.xcassets in Resources */ = {isa = PBXBuildFile; fileRef = 921A24961FD101E60022AECC /* Assets.xcassets */; };
		921A249A1FD101E60022AECC /* LaunchScreen.storyboard in Resources */ = {isa = PBXBuildFile; fileRef = 921A24981FD101E60022AECC /* LaunchScreen.storyboard */; };
		921A249D1FD101E60022AECC /* main.m in Sources */ = {isa = PBXBuildFile; fileRef = 921A249C1FD101E60022AECC /* main.m */; };
/* End PBXBuildFile section */

/* Begin PBXFileReference section */
		921A248A1FD101E60022AECC /* TryingCI.app */ = {isa = PBXFileReference; explicitFileType = wrapper.application; includeInIndex = 0; path = TryingCI.app; sourceTree = BUILT_PRODUCTS_DIR; };
		921A248D1FD101E60022AECC /* AppDelegate.h */ = {isa = PBXFileReference; lastKnownFileType = sourcecode.c.h; path = AppDelegate.h; sourceTree = "<group>"; };
		921A248E1FD101E60022AECC /* AppDelegate.m */ = {isa = PBXFileReference; lastKnownFileType = sourcecode.c.objc; path = AppDelegate.m; sourceTree = "<group>"; };
		921A24901FD101E60022AECC /* ViewController.h */ = {isa = PBXFileReference; lastKnownFileType = sourcecode.c.h; path = ViewController.h; sourceTree = "<group>"; };
		921A24911FD101E60022AECC /* ViewController.m */ = {isa = PBXFileReference; lastKnownFileType = sourcecode.c.objc; path = ViewController.m; sourceTree = "<group>"; };
		921A24941FD101E60022AECC /* Base */ = {isa = PBXFileReference; lastKnownFileType = file.storyboard; name = Base; path = Base.lproj/Main.storyboard; sourceTree = "<group>"; };
		921A24961FD101E60022AECC /* Assets.xcassets */ = {isa = PBXFileReference; lastKnownFileType = folder.assetcatalog; path = Assets.xcassets; sourceTree = "<group>"; };
		921A24991FD101E60022AECC /* Base */ = {isa = PBXFileReference; lastKnownFileType = file.storyboard; name = Base; path = Base.lproj/LaunchScreen.storyboard; sourceTree = "<group>"; };
		921A249B1FD101E60022AECC /* Info.plist */ = {isa = PBXFileReference; lastKnownFileType = text.plist.xml; path = Info.plist; sourceTree = "<group>"; };
		921A249C1FD101E60022AECC /* main.m */ = {isa = PBXFileReference; lastKnownFileType = sourcecode.c.objc; path = main.m; sourceTree = "<group>"; };
/* End PBXFileReference section */

/* Begin PBXFrameworksBuildPhase section */
		921A24871FD101E60022AECC /* Frameworks */ = {
			isa = PBXFrameworksBuildPhase;
			buildActionMask = 2147483647;
			files = (
			);
			runOnlyForDeploymentPostprocessing = 0;
		};
/* End PBXFrameworksBuildPhase section */

/* Begin PBXGroup section */
		921A24811FD101E60022AECC = {
			isa = PBXGroup;
			children = (
				921A248C1FD101E60022AECC /* TryingCI */,
				921A248B1FD101E60022AECC /* Products */,
			);
			sourceTree = "<group>";
		};
		921A248B1FD101E60022AECC /* Products */ = {
			isa = PBXGroup;
			children = (
				921A248A1FD101E60022AECC /* TryingCI.app */,
			);
			name = Products;
			sourceTree = "<group>";
		};
		921A248C1FD101E60022AECC /* TryingCI */ = {
			isa = PBXGroup;
			children = (
				921A248D1FD101E60022AECC /* AppDelegate.h */,
				921A248E1FD101E60022AECC /* AppDelegate.m */,
				921A24901FD101E60022AECC /* ViewController.h */,
				921A24911FD101E60022AECC /* ViewController.m */,
				921A24931FD101E60022AECC /* Main.storyboard */,
				921A24961FD101E60022AECC /* Assets.xcassets */,
				921A24981FD101E60022AECC /* LaunchScreen.storyboard */,
				921A249B1FD101E60022AECC /* Info.plist */,
				921A249C1FD101E60022AECC /* main.m */,
			);
			path = TryingCI;
			sourceTree = "<group>";
		};
/* End PBXGroup section */

/* Begin PBXNativeTarget section */
		921A24891FD101E60022AECC /* TryingCI */ = {
			isa = PBXNativeTarget;
			buildConfigurationList = 921A24A01FD101E60022AECC /* Build configuration list for PBXNativeTarget "TryingCI" */;
			buildPhases = (
				921A24861FD101E60022AECC /* Sources */,
				921A24871FD101E60022AECC /* Frameworks */,
				921A24881FD101E60022AECC /* Resources */,
			);
			buildRules = (
			);
			dependencies = (
			);
			name = TryingCI;
			productName = TryingCI;
			productReference = 921A248A1FD101E60022AECC /* TryingCI.app */;
			productType = "com.apple.product-type.application";
		};
/* End PBXNativeTarget section */

/* Begin PBXProject section */
		921A24821FD101E60022AECC /* Project object */ = {
			isa = PBXProject;
			attributes = {
				LastUpgradeCheck = 0910;
				ORGANIZATIONNAME = "Vinh Huynh";
				TargetAttributes = {
					921A24891FD101E60022AECC = {
						CreatedOnToolsVersion = 9.1;
						ProvisioningStyle = Automatic;
					};
				};
			};
			buildConfigurationList = 921A24851FD101E60022AECC /* Build configuration list for PBXProject "TryingCI" */;
			compatibilityVersion = "Xcode 8.0";
			developmentRegion = en;
			hasScannedForEncodings = 0;
			knownRegions = (
				en,
				Base,
			);
			mainGroup = 921A24811FD101E60022AECC;
			productRefGroup = 921A248B1FD101E60022AECC /* Products */;
			projectDirPath = "";
			projectRoot = "";
			targets = (
				921A24891FD101E60022AECC /* TryingCI */,
			);
		};
/* End PBXProject section */

/* Begin PBXResourcesBuildPhase section */
		921A24881FD101E60022AECC /* Resources */ = {
			isa = PBXResourcesBuildPhase;
			buildActionMask = 2147483647;
			files = (
				921A249A1FD101E60022AECC /* LaunchScreen.storyboard in Resources */,
				921A24971FD101E60022AECC /* Assets.xcassets in Resources */,
				921A24951FD101E60022AECC /* Main.storyboard in Resources */,
			);
			runOnlyForDeploymentPostprocessing = 0;
		};
/* End PBXResourcesBuildPhase section */

/* Begin PBXSourcesBuildPhase section */
		921A24861FD101E60022AECC /* Sources */ = {
			isa = PBXSourcesBuildPhase;
			buildActionMask = 2147483647;
			files = (
				921A24921FD101E60022AECC /* ViewController.m in Sources */,
				921A249D1FD101E60022AECC /* main.m in Sources */,
				921A248F1FD101E60022AECC /* AppDelegate.m in Sources */,
			);
			runOnlyForDeploymentPostprocessing = 0;
		};
/* End PBXSourcesBuildPhase section */

/* Begin PBXVariantGroup section */
		921A24931FD101E60022AECC /* Main.storyboard */ = {
			isa = PBXVariantGroup;
			children = (
				921A24941FD101E60022AECC /* Base */,
			);
			name = Main.storyboard;
			sourceTree = "<group>";
		};
		921A24981FD101E60022AECC /* LaunchScreen.storyboard */ = {
			isa = PBXVariantGroup;
			children = (
				921A24991FD101E60022AECC /* Base */,
			);
			name = LaunchScreen.storyboard;
			sourceTree = "<group>";
		};
/* End PBXVariantGroup section */

/* Begin XCBuildConfiguration section */
		921A249E1FD101E60022AECC /* Debug */ = {
			isa = XCBuildConfiguration;
			buildSettings = {
				ALWAYS_SEARCH_USER_PATHS = NO;
				CLANG_ANALYZER_NONNULL = YES;
				CLANG_ANALYZER_NUMBER_OBJECT_CONVERSION = YES_AGGRESSIVE;
				CLANG_CXX_LANGUAGE_STANDARD = "gnu++14";
				CLANG_CXX_LIBRARY = "libc++";
				CLANG_ENABLE_MODULES = YES;
				CLANG_ENABLE_OBJC_ARC = YES;
				CLANG_WARN_BLOCK_CAPTURE_AUTORELEASING = YES;
				CLANG_WARN_BOOL_CONVERSION = YES;
				CLANG_WARN_COMMA = YES;
				CLANG_WARN_CONSTANT_CONVERSION = YES;
				CLANG_WARN_DIRECT_OBJC_ISA_USAGE = YES_ERROR;
				CLANG_WARN_DOCUMENTATION_COMMENTS = YES;
				CLANG_WARN_EMPTY_BODY = YES;
				CLANG_WARN_ENUM_CONVERSION = YES;
				CLANG_WARN_INFINITE_RECURSION = YES;
				CLANG_WARN_INT_CONVERSION = YES;
				CLANG_WARN_NON_LITERAL_NULL_CONVERSION = YES;
				CLANG_WARN_OBJC_LITERAL_CONVERSION = YES;
				CLANG_WARN_OBJC_ROOT_CLASS = YES_ERROR;
				CLANG_WARN_RANGE_LOOP_ANALYSIS = YES;
				CLANG_WARN_STRICT_PROTOTYPES = YES;
				CLANG_WARN_SUSPICIOUS_MOVE = YES;
				CLANG_WARN_UNGUARDED_AVAILABILITY = YES_AGGRESSIVE;
				CLANG_WARN_UNREACHABLE_CODE = YES;
				CLANG_WARN__DUPLICATE_METHOD_MATCH = YES;
				CODE_SIGN_IDENTITY = "iPhone Developer";
				COPY_PHASE_STRIP = NO;
				DEBUG_INFORMATION_FORMAT = dwarf;
				ENABLE_STRICT_OBJC_MSGSEND = YES;
				ENABLE_TESTABILITY = YES;
				GCC_C_LANGUAGE_STANDARD = gnu11;
				GCC_DYNAMIC_NO_PIC = NO;
				GCC_NO_COMMON_BLOCKS = YES;
				GCC_OPTIMIZATION_LEVEL = 0;
				GCC_PREPROCESSOR_DEFINITIONS = (
					"DEBUG=1",
					"$(inherited)",
				);
				GCC_WARN_64_TO_32_BIT_CONVERSION = YES;
				GCC_WARN_ABOUT_RETURN_TYPE = YES_ERROR;
				GCC_WARN_UNDECLARED_SELECTOR = YES;
				GCC_WARN_UNINITIALIZED_AUTOS = YES_AGGRESSIVE;
				GCC_WARN_UNUSED_FUNCTION = YES;
				GCC_WARN_UNUSED_VARIABLE = YES;
				IPHONEOS_DEPLOYMENT_TARGET = 11.1;
				MTL_ENABLE_DEBUG_INFO = YES;
				ONLY_ACTIVE_ARCH = YES;
				SDKROOT = iphoneos;
			};
			name = Debug;
		};
		921A249F1FD101E60022AECC /* Release */ = {
			isa = XCBuildConfiguration;
			buildSettings = {
				ALWAYS_SEARCH_USER_PATHS = NO;
				CLANG_ANALYZER_NONNULL = YES;
				CLANG_ANALYZER_NUMBER_OBJECT_CONVERSION = YES_AGGRESSIVE;
				CLANG_CXX_LANGUAGE_STANDARD = "gnu++14";
				CLANG_CXX_LIBRARY = "libc++";
				CLANG_ENABLE_MODULES = YES;
				CLANG_ENABLE_OBJC_ARC = YES;
				CLANG_WARN_BLOCK_CAPTURE_AUTORELEASING = YES;
				CLANG_WARN_BOOL_CONVERSION = YES;
				CLANG_WARN_COMMA = YES;
				CLANG_WARN_CONSTANT_CONVERSION = YES;
				CLANG_WARN_DIRECT_OBJC_ISA_USAGE = YES_ERROR;
				CLANG_WARN_DOCUMENTATION_COMMENTS = YES;
				CLANG_WARN_EMPTY_BODY = YES;
				CLANG_WARN_ENUM_CONVERSION = YES;
				CLANG_WARN_INFINITE_RECURSION = YES;
				CLANG_WARN_INT_CONVERSION = YES;
				CLANG_WARN_NON_LITERAL_NULL_CONVERSION = YES;
				CLANG_WARN_OBJC_LITERAL_CONVERSION = YES;
				CLANG_WARN_OBJC_ROOT_CLASS = YES_ERROR;
				CLANG_WARN_RANGE_LOOP_ANALYSIS = YES;
				CLANG_WARN_STRICT_PROTOTYPES = YES;
				CLANG_WARN_SUSPICIOUS_MOVE = YES;
				CLANG_WARN_UNGUARDED_AVAILABILITY = YES_AGGRESSIVE;
				CLANG_WARN_UNREACHABLE_CODE = YES;
				CLANG_WARN__DUPLICATE_METHOD_MATCH = YES;
				CODE_SIGN_IDENTITY = "iPhone Developer";
				COPY_PHASE_STRIP = NO;
				DEBUG_INFORMATION_FORMAT = "dwarf-with-dsym";
				ENABLE_NS_ASSERTIONS = NO;
				ENABLE_STRICT_OBJC_MSGSEND = YES;
				GCC_C_LANGUAGE_STANDARD = gnu11;
				GCC_NO_COMMON_BLOCKS = YES;
				GCC_WARN_64_TO_32_BIT_CONVERSION = YES;
				GCC_WARN_ABOUT_RETURN_TYPE = YES_ERROR;
				GCC_WARN_UNDECLARED_SELECTOR = YES;
				GCC_WARN_UNINITIALIZED_AUTOS = YES_AGGRESSIVE;
				GCC_WARN_UNUSED_FUNCTION = YES;
				GCC_WARN_UNUSED_VARIABLE = YES;
				IPHONEOS_DEPLOYMENT_TARGET = 11.1;
				MTL_ENABLE_DEBUG_INFO = NO;
				SDKROOT = iphoneos;
				VALIDATE_PRODUCT = YES;
			};
			name = Release;
		};
		921A24A11FD101E60022AECC /* Debug */ = {
			isa = XCBuildConfiguration;
			buildSettings = {
				ASSETCATALOG_COMPILER_APPICON_NAME = AppIcon;
				CODE_SIGN_STYLE = Automatic;
				DEVELOPMENT_TEAM = X4X668DYKL;
				INFOPLIST_FILE = TryingCI/Info.plist;
				LD_RUNPATH_SEARCH_PATHS = "$(inherited) @executable_path/Frameworks";
				PRODUCT_BUNDLE_IDENTIFIER = com.pixa.testapp;
				PRODUCT_NAME = "$(TARGET_NAME)";
				TARGETED_DEVICE_FAMILY = "1,2";
			};
			name = Debug;
		};
		921A24A21FD101E60022AECC /* Release */ = {
			isa = XCBuildConfiguration;
			buildSettings = {
				ASSETCATALOG_COMPILER_APPICON_NAME = AppIcon;
				CODE_SIGN_STYLE = Automatic;
				DEVELOPMENT_TEAM = X4X668DYKL;
				INFOPLIST_FILE = TryingCI/Info.plist;
				LD_RUNPATH_SEARCH_PATHS = "$(inherited) @executable_path/Frameworks";
				PRODUCT_BUNDLE_IDENTIFIER = com.pixa.testapp;
				PRODUCT_NAME = "$(TARGET_NAME)";
				TARGETED_DEVICE_FAMILY = "1,2";
			};
			name = Release;
		};
/* End XCBuildConfiguration section */

/* Begin XCConfigurationList section */
		921A24851FD101E60022AECC /* Build configuration list for PBXProject "TryingCI" */ = {
			isa = XCConfigurationList;
			buildConfigurations = (
				921A249E1FD101E60022AECC /* Debug */,
				921A249F1FD101E60022AECC /* Release */,
			);
			defaultConfigurationIsVisible = 0;
			defaultConfigurationName = Release;
		};
		921A24A01FD101E60022AECC /* Build configuration list for PBXNativeTarget "TryingCI" */ = {
			isa = XCConfigurationList;
			buildConfigurations = (
				921A24A11FD101E60022AECC /* Debug */,
				921A24A21FD101E60022AECC /* Release */,
			);
			defaultConfigurationIsVisible = 0;
			defaultConfigurationName = Release;
		};
/* End XCConfigurationList section */
	};
	rootObject = 921A24821FD101E60022AECC /* Project object */;
}
